
Microsoft Visual Studio Solution File, Format Version 12.00
# Visual Studio Version 16
VisualStudioVersion = 16.0.28803.202
MinimumVisualStudioVersion = 10.0.40219.1
Project("{9A19103F-16F7-4668-BE54-9A1E7A4F7556}") = "EntityProvider", "EntityProvider\EntityProvider.csproj", "{533D3053-A8AD-470B-80CC-7F5E6BDF7A6C}"
EndProject
Project("{9A19103F-16F7-4668-BE54-9A1E7A4F7556}") = "EntityProvider.Tests", "EntityProvider.Tests\EntityProvider.Tests.csproj", "{8F687625-280C-469B-B523-94E84A999676}"
EndProject
Global
	GlobalSection(SolutionConfigurationPlatforms) = preSolution
		Debug|Any CPU = Debug|Any CPU
		Release|Any CPU = Release|Any CPU
	EndGlobalSection
	GlobalSection(ProjectConfigurationPlatforms) = postSolution
		{533D3053-A8AD-470B-80CC-7F5E6BDF7A6C}.Debug|Any CPU.ActiveCfg = Release|Any CPU
		{533D3053-A8AD-470B-80CC-7F5E6BDF7A6C}.Debug|Any CPU.Build.0 = Release|Any CPU
		{533D3053-A8AD-470B-80CC-7F5E6BDF7A6C}.Release|Any CPU.ActiveCfg = Release|Any CPU
		{533D3053-A8AD-470B-80CC-7F5E6BDF7A6C}.Release|Any CPU.Build.0 = Release|Any CPU
		{8F687625-280C-469B-B523-94E84A999676}.Debug|Any CPU.ActiveCfg = Release|Any CPU
		{8F687625-280C-469B-B523-94E84A999676}.Debug|Any CPU.Build.0 = Release|Any CPU
		{8F687625-280C-469B-B523-94E84A999676}.Release|Any CPU.ActiveCfg = Release|Any CPU
		{8F687625-280C-469B-B523-94E84A999676}.Release|Any CPU.Build.0 = Release|Any CPU
	EndGlobalSection
	GlobalSection(SolutionProperties) = preSolution
		HideSolutionNode = FALSE
	EndGlobalSection
	GlobalSection(ExtensibilityGlobals) = postSolution
		SolutionGuid = {B813BC1C-1D7F-4623-BC6B-3DC2F7062479}
	EndGlobalSection
EndGlobal
